// !$*UTF8*$!
{
	archiveVersion = 1;
	classes = {
	};
	objectVersion = 55;
	objects = {

/* Begin PBXBuildFile section */
		DE34DF682881D00D0036732D /* AppDelegate.swift in Sources */ = {isa = PBXBuildFile; fileRef = DE34DF672881D00D0036732D /* AppDelegate.swift */; };
		DE34DF6A2881D00D0036732D /* SceneDelegate.swift in Sources */ = {isa = PBXBuildFile; fileRef = DE34DF692881D00D0036732D /* SceneDelegate.swift */; };
		DE34DF6C2881D00D0036732D /* StartViewController.swift in Sources */ = {isa = PBXBuildFile; fileRef = DE34DF6B2881D00D0036732D /* StartViewController.swift */; };
		DE34DF6F2881D00D0036732D /* Main.storyboard in Resources */ = {isa = PBXBuildFile; fileRef = DE34DF6D2881D00D0036732D /* Main.storyboard */; };
		DE34DF712881D00F0036732D /* Assets.xcassets in Resources */ = {isa = PBXBuildFile; fileRef = DE34DF702881D00F0036732D /* Assets.xcassets */; };
		DE34DF742881D00F0036732D /* LaunchScreen.storyboard in Resources */ = {isa = PBXBuildFile; fileRef = DE34DF722881D00F0036732D /* LaunchScreen.storyboard */; };
		DE34DF7C2881DC790036732D /* UIView+Extension.swift in Sources */ = {isa = PBXBuildFile; fileRef = DE34DF7B2881DC790036732D /* UIView+Extension.swift */; };
		DE34DF7F288324980036732D /* StartLoginViewController.swift in Sources */ = {isa = PBXBuildFile; fileRef = DE34DF7E288324980036732D /* StartLoginViewController.swift */; };
		DE34DF85288325770036732D /* UITextField+Extension.swift in Sources */ = {isa = PBXBuildFile; fileRef = DE34DF84288325770036732D /* UITextField+Extension.swift */; };
		DE34DF87288C39230036732D /* StartSignUPViewController.swift in Sources */ = {isa = PBXBuildFile; fileRef = DE34DF86288C39220036732D /* StartSignUPViewController.swift */; };
		DE89880728A26ADB00818CF7 /* UserInfo.swift in Sources */ = {isa = PBXBuildFile; fileRef = DE89880628A26ADB00818CF7 /* UserInfo.swift */; };
/* End PBXBuildFile section */

/* Begin PBXFileReference section */
		DE34DF642881D00D0036732D /* EPCO.app */ = {isa = PBXFileReference; explicitFileType = wrapper.application; includeInIndex = 0; path = EPCO.app; sourceTree = BUILT_PRODUCTS_DIR; };
		DE34DF672881D00D0036732D /* AppDelegate.swift */ = {isa = PBXFileReference; lastKnownFileType = sourcecode.swift; path = AppDelegate.swift; sourceTree = "<group>"; };
		DE34DF692881D00D0036732D /* SceneDelegate.swift */ = {isa = PBXFileReference; lastKnownFileType = sourcecode.swift; path = SceneDelegate.swift; sourceTree = "<group>"; };
		DE34DF6B2881D00D0036732D /* StartViewController.swift */ = {isa = PBXFileReference; lastKnownFileType = sourcecode.swift; path = StartViewController.swift; sourceTree = "<group>"; };
		DE34DF6E2881D00D0036732D /* Base */ = {isa = PBXFileReference; lastKnownFileType = file.storyboard; name = Base; path = Base.lproj/Main.storyboard; sourceTree = "<group>"; };
		DE34DF702881D00F0036732D /* Assets.xcassets */ = {isa = PBXFileReference; lastKnownFileType = folder.assetcatalog; path = Assets.xcassets; sourceTree = "<group>"; };
		DE34DF732881D00F0036732D /* Base */ = {isa = PBXFileReference; lastKnownFileType = file.storyboard; name = Base; path = Base.lproj/LaunchScreen.storyboard; sourceTree = "<group>"; };
		DE34DF752881D00F0036732D /* Info.plist */ = {isa = PBXFileReference; lastKnownFileType = text.plist.xml; path = Info.plist; sourceTree = "<group>"; };
		DE34DF7B2881DC790036732D /* UIView+Extension.swift */ = {isa = PBXFileReference; lastKnownFileType = sourcecode.swift; path = "UIView+Extension.swift"; sourceTree = "<group>"; };
		DE34DF7E288324980036732D /* StartLoginViewController.swift */ = {isa = PBXFileReference; lastKnownFileType = sourcecode.swift; path = StartLoginViewController.swift; sourceTree = "<group>"; };
		DE34DF84288325770036732D /* UITextField+Extension.swift */ = {isa = PBXFileReference; lastKnownFileType = sourcecode.swift; path = "UITextField+Extension.swift"; sourceTree = "<group>"; };
		DE34DF86288C39220036732D /* StartSignUPViewController.swift */ = {isa = PBXFileReference; lastKnownFileType = sourcecode.swift; path = StartSignUPViewController.swift; sourceTree = "<group>"; };
		DE89880628A26ADB00818CF7 /* UserInfo.swift */ = {isa = PBXFileReference; lastKnownFileType = sourcecode.swift; path = UserInfo.swift; sourceTree = "<group>"; };
/* End PBXFileReference section */

/* Begin PBXFrameworksBuildPhase section */
		DE34DF612881D00D0036732D /* Frameworks */ = {
			isa = PBXFrameworksBuildPhase;
			buildActionMask = 2147483647;
			files = (
			);
			runOnlyForDeploymentPostprocessing = 0;
		};
/* End PBXFrameworksBuildPhase section */

/* Begin PBXGroup section */
		DE34DF5B2881D00D0036732D = {
			isa = PBXGroup;
			children = (
				DE34DF662881D00D0036732D /* EPCO */,
				DE34DF652881D00D0036732D /* Products */,
			);
			sourceTree = "<group>";
		};
		DE34DF652881D00D0036732D /* Products */ = {
			isa = PBXGroup;
			children = (
				DE34DF642881D00D0036732D /* EPCO.app */,
			);
			name = Products;
			sourceTree = "<group>";
		};
		DE34DF662881D00D0036732D /* EPCO */ = {
			isa = PBXGroup;
			children = (
				DE89880828A2912F00818CF7 /* Data */,
				DE34DF7D2881DD400036732D /* Extension */,
				DE89880528A26AA000818CF7 /* StoryBoard */,
				DE89880428A26A7A00818CF7 /* App */,
				DE34DF88288C8D220036732D /* Start */,
				DE34DF702881D00F0036732D /* Assets.xcassets */,
				DE34DF752881D00F0036732D /* Info.plist */,
			);
			path = EPCO;
			sourceTree = "<group>";
		};
		DE34DF7D2881DD400036732D /* Extension */ = {
			isa = PBXGroup;
			children = (
				DE34DF7B2881DC790036732D /* UIView+Extension.swift */,
				DE34DF84288325770036732D /* UITextField+Extension.swift */,
			);
			path = Extension;
			sourceTree = "<group>";
		};
		DE34DF88288C8D220036732D /* Start */ = {
			isa = PBXGroup;
			children = (
				DE34DF6B2881D00D0036732D /* StartViewController.swift */,
				DE34DF7E288324980036732D /* StartLoginViewController.swift */,
				DE34DF86288C39220036732D /* StartSignUPViewController.swift */,
			);
			path = Start;
			sourceTree = "<group>";
		};
		DE89880428A26A7A00818CF7 /* App */ = {
			isa = PBXGroup;
			children = (
				DE34DF672881D00D0036732D /* AppDelegate.swift */,
				DE34DF692881D00D0036732D /* SceneDelegate.swift */,
			);
			path = App;
			sourceTree = "<group>";
		};
		DE89880528A26AA000818CF7 /* StoryBoard */ = {
			isa = PBXGroup;
			children = (
				DE34DF6D2881D00D0036732D /* Main.storyboard */,
				DE34DF722881D00F0036732D /* LaunchScreen.storyboard */,
			);
			path = StoryBoard;
			sourceTree = "<group>";
		};
		DE89880828A2912F00818CF7 /* Data */ = {
			isa = PBXGroup;
			children = (
				DE89880628A26ADB00818CF7 /* UserInfo.swift */,
			);
			path = Data;
			sourceTree = "<group>";
		};
/* End PBXGroup section */

/* Begin PBXNativeTarget section */
		DE34DF632881D00D0036732D /* EPCO */ = {
			isa = PBXNativeTarget;
			buildConfigurationList = DE34DF782881D00F0036732D /* Build configuration list for PBXNativeTarget "EPCO" */;
			buildPhases = (
				DE34DF602881D00D0036732D /* Sources */,
				DE34DF612881D00D0036732D /* Frameworks */,
				DE34DF622881D00D0036732D /* Resources */,
			);
			buildRules = (
			);
			dependencies = (
			);
			name = EPCO;
			productName = EPCO;
			productReference = DE34DF642881D00D0036732D /* EPCO.app */;
			productType = "com.apple.product-type.application";
		};
/* End PBXNativeTarget section */

/* Begin PBXProject section */
		DE34DF5C2881D00D0036732D /* Project object */ = {
			isa = PBXProject;
			attributes = {
				BuildIndependentTargetsInParallel = 1;
				LastSwiftUpdateCheck = 1340;
				LastUpgradeCheck = 1340;
				TargetAttributes = {
					DE34DF632881D00D0036732D = {
						CreatedOnToolsVersion = 13.4.1;
					};
				};
			};
			buildConfigurationList = DE34DF5F2881D00D0036732D /* Build configuration list for PBXProject "EPCO" */;
			compatibilityVersion = "Xcode 13.0";
			developmentRegion = en;
			hasScannedForEncodings = 0;
			knownRegions = (
				en,
				Base,
			);
			mainGroup = DE34DF5B2881D00D0036732D;
			productRefGroup = DE34DF652881D00D0036732D /* Products */;
			projectDirPath = "";
			projectRoot = "";
			targets = (
				DE34DF632881D00D0036732D /* EPCO */,
			);
		};
/* End PBXProject section */

/* Begin PBXResourcesBuildPhase section */
		DE34DF622881D00D0036732D /* Resources */ = {
			isa = PBXResourcesBuildPhase;
			buildActionMask = 2147483647;
			files = (
				DE34DF742881D00F0036732D /* LaunchScreen.storyboard in Resources */,
				DE34DF712881D00F0036732D /* Assets.xcassets in Resources */,
				DE34DF6F2881D00D0036732D /* Main.storyboard in Resources */,
			);
			runOnlyForDeploymentPostprocessing = 0;
		};
/* End PBXResourcesBuildPhase section */

/* Begin PBXSourcesBuildPhase section */
		DE34DF602881D00D0036732D /* Sources */ = {
			isa = PBXSourcesBuildPhase;
			buildActionMask = 2147483647;
			files = (
				DE34DF6C2881D00D0036732D /* StartViewController.swift in Sources */,
				DE34DF7F288324980036732D /* StartLoginViewController.swift in Sources */,
				DE34DF682881D00D0036732D /* AppDelegate.swift in Sources */,
				DE34DF85288325770036732D /* UITextField+Extension.swift in Sources */,
				DE89880728A26ADB00818CF7 /* UserInfo.swift in Sources */,
				DE34DF87288C39230036732D /* StartSignUPViewController.swift in Sources */,
				DE34DF7C2881DC790036732D /* UIView+Extension.swift in Sources */,
				DE34DF6A2881D00D0036732D /* SceneDelegate.swift in Sources */,
			);
			runOnlyForDeploymentPostprocessing = 0;
		};
/* End PBXSourcesBuildPhase section */

/* Begin PBXVariantGroup section */
		DE34DF6D2881D00D0036732D /* Main.storyboard */ = {
			isa = PBXVariantGroup;
			children = (
				DE34DF6E2881D00D0036732D /* Base */,
			);
			name = Main.storyboard;
			sourceTree = "<group>";
		};
		DE34DF722881D00F0036732D /* LaunchScreen.storyboard */ = {
			isa = PBXVariantGroup;
			children = (
				DE34DF732881D00F0036732D /* Base */,
			);
			name = LaunchScreen.storyboard;
			sourceTree = "<group>";
		};
/* End PBXVariantGroup section */

/* Begin XCBuildConfiguration section */
		DE34DF762881D00F0036732D /* Debug */ = {
			isa = XCBuildConfiguration;
			buildSettings = {
				ALWAYS_SEARCH_USER_PATHS = NO;
				CLANG_ANALYZER_NONNULL = YES;
				CLANG_ANALYZER_NUMBER_OBJECT_CONVERSION = YES_AGGRESSIVE;
				CLANG_CXX_LANGUAGE_STANDARD = "gnu++17";
				CLANG_ENABLE_MODULES = YES;
				CLANG_ENABLE_OBJC_ARC = YES;
				CLANG_ENABLE_OBJC_WEAK = YES;
				CLANG_WARN_BLOCK_CAPTURE_AUTORELEASING = YES;
				CLANG_WARN_BOOL_CONVERSION = YES;
				CLANG_WARN_COMMA = YES;
				CLANG_WARN_CONSTANT_CONVERSION = YES;
				CLANG_WARN_DEPRECATED_OBJC_IMPLEMENTATIONS = YES;
				CLANG_WARN_DIRECT_OBJC_ISA_USAGE = YES_ERROR;
				CLANG_WARN_DOCUMENTATION_COMMENTS = YES;
				CLANG_WARN_EMPTY_BODY = YES;
				CLANG_WARN_ENUM_CONVERSION = YES;
				CLANG_WARN_INFINITE_RECURSION = YES;
				CLANG_WARN_INT_CONVERSION = YES;
				CLANG_WARN_NON_LITERAL_NULL_CONVERSION = YES;
				CLANG_WARN_OBJC_IMPLICIT_RETAIN_SELF = YES;
				CLANG_WARN_OBJC_LITERAL_CONVERSION = YES;
				CLANG_WARN_OBJC_ROOT_CLASS = YES_ERROR;
				CLANG_WARN_QUOTED_INCLUDE_IN_FRAMEWORK_HEADER = YES;
				CLANG_WARN_RANGE_LOOP_ANALYSIS = YES;
				CLANG_WARN_STRICT_PROTOTYPES = YES;
				CLANG_WARN_SUSPICIOUS_MOVE = YES;
				CLANG_WARN_UNGUARDED_AVAILABILITY = YES_AGGRESSIVE;
				CLANG_WARN_UNREACHABLE_CODE = YES;
				CLANG_WARN__DUPLICATE_METHOD_MATCH = YES;
				COPY_PHASE_STRIP = NO;
				DEBUG_INFORMATION_FORMAT = dwarf;
				ENABLE_STRICT_OBJC_MSGSEND = YES;
				ENABLE_TESTABILITY = YES;
				GCC_C_LANGUAGE_STANDARD = gnu11;
				GCC_DYNAMIC_NO_PIC = NO;
				GCC_NO_COMMON_BLOCKS = YES;
				GCC_OPTIMIZATION_LEVEL = 0;
				GCC_PREPROCESSOR_DEFINITIONS = (
					"DEBUG=1",
					"$(inherited)",
				);
				GCC_WARN_64_TO_32_BIT_CONVERSION = YES;
				GCC_WARN_ABOUT_RETURN_TYPE = YES_ERROR;
				GCC_WARN_UNDECLARED_SELECTOR = YES;
				GCC_WARN_UNINITIALIZED_AUTOS = YES_AGGRESSIVE;
				GCC_WARN_UNUSED_FUNCTION = YES;
				GCC_WARN_UNUSED_VARIABLE = YES;
				IPHONEOS_DEPLOYMENT_TARGET = 15.5;
				MTL_ENABLE_DEBUG_INFO = INCLUDE_SOURCE;
				MTL_FAST_MATH = YES;
				ONLY_ACTIVE_ARCH = YES;
				SDKROOT = iphoneos;
				SWIFT_ACTIVE_COMPILATION_CONDITIONS = DEBUG;
				SWIFT_OPTIMIZATION_LEVEL = "-Onone";
			};
			name = Debug;
		};
		DE34DF772881D00F0036732D /* Release */ = {
			isa = XCBuildConfiguration;
			buildSettings = {
				ALWAYS_SEARCH_USER_PATHS = NO;
				CLANG_ANALYZER_NONNULL = YES;
				CLANG_ANALYZER_NUMBER_OBJECT_CONVERSION = YES_AGGRESSIVE;
				CLANG_CXX_LANGUAGE_STANDARD = "gnu++17";
				CLANG_ENABLE_MODULES = YES;
				CLANG_ENABLE_OBJC_ARC = YES;
				CLANG_ENABLE_OBJC_WEAK = YES;
				CLANG_WARN_BLOCK_CAPTURE_AUTORELEASING = YES;
				CLANG_WARN_BOOL_CONVERSION = YES;
				CLANG_WARN_COMMA = YES;
				CLANG_WARN_CONSTANT_CONVERSION = YES;
				CLANG_WARN_DEPRECATED_OBJC_IMPLEMENTATIONS = YES;
				CLANG_WARN_DIRECT_OBJC_ISA_USAGE = YES_ERROR;
				CLANG_WARN_DOCUMENTATION_COMMENTS = YES;
				CLANG_WARN_EMPTY_BODY = YES;
				CLANG_WARN_ENUM_CONVERSION = YES;
				CLANG_WARN_INFINITE_RECURSION = YES;
				CLANG_WARN_INT_CONVERSION = YES;
				CLANG_WARN_NON_LITERAL_NULL_CONVERSION = YES;
				CLANG_WARN_OBJC_IMPLICIT_RETAIN_SELF = YES;
				CLANG_WARN_OBJC_LITERAL_CONVERSION = YES;
				CLANG_WARN_OBJC_ROOT_CLASS = YES_ERROR;
				CLANG_WARN_QUOTED_INCLUDE_IN_FRAMEWORK_HEADER = YES;
				CLANG_WARN_RANGE_LOOP_ANALYSIS = YES;
				CLANG_WARN_STRICT_PROTOTYPES = YES;
				CLANG_WARN_SUSPICIOUS_MOVE = YES;
				CLANG_WARN_UNGUARDED_AVAILABILITY = YES_AGGRESSIVE;
				CLANG_WARN_UNREACHABLE_CODE = YES;
				CLANG_WARN__DUPLICATE_METHOD_MATCH = YES;
				COPY_PHASE_STRIP = NO;
				DEBUG_INFORMATION_FORMAT = "dwarf-with-dsym";
				ENABLE_NS_ASSERTIONS = NO;
				ENABLE_STRICT_OBJC_MSGSEND = YES;
				GCC_C_LANGUAGE_STANDARD = gnu11;
				GCC_NO_COMMON_BLOCKS = YES;
				GCC_WARN_64_TO_32_BIT_CONVERSION = YES;
				GCC_WARN_ABOUT_RETURN_TYPE = YES_ERROR;
				GCC_WARN_UNDECLARED_SELECTOR = YES;
				GCC_WARN_UNINITIALIZED_AUTOS = YES_AGGRESSIVE;
				GCC_WARN_UNUSED_FUNCTION = YES;
				GCC_WARN_UNUSED_VARIABLE = YES;
				IPHONEOS_DEPLOYMENT_TARGET = 15.5;
				MTL_ENABLE_DEBUG_INFO = NO;
				MTL_FAST_MATH = YES;
				SDKROOT = iphoneos;
				SWIFT_COMPILATION_MODE = wholemodule;
				SWIFT_OPTIMIZATION_LEVEL = "-O";
				VALIDATE_PRODUCT = YES;
			};
			name = Release;
		};
		DE34DF792881D00F0036732D /* Debug */ = {
			isa = XCBuildConfiguration;
			buildSettings = {
				ASSETCATALOG_COMPILER_APPICON_NAME = AppIcon;
				ASSETCATALOG_COMPILER_GLOBAL_ACCENT_COLOR_NAME = AccentColor;
				CODE_SIGN_STYLE = Automatic;
				CURRENT_PROJECT_VERSION = 1;
				DEVELOPMENT_TEAM = AYG8MBJF93;
				GENERATE_INFOPLIST_FILE = YES;
				INFOPLIST_FILE = EPCO/Info.plist;
				INFOPLIST_KEY_UIApplicationSupportsIndirectInputEvents = YES;
				INFOPLIST_KEY_UILaunchStoryboardName = LaunchScreen;
				INFOPLIST_KEY_UIMainStoryboardFile = Main;
				INFOPLIST_KEY_UISupportedInterfaceOrientations_iPad = "UIInterfaceOrientationPortrait UIInterfaceOrientationPortraitUpsideDown UIInterfaceOrientationLandscapeLeft UIInterfaceOrientationLandscapeRight";
				INFOPLIST_KEY_UISupportedInterfaceOrientations_iPhone = "UIInterfaceOrientationPortrait UIInterfaceOrientationLandscapeLeft UIInterfaceOrientationLandscapeRight";
				LD_RUNPATH_SEARCH_PATHS = (
					"$(inherited)",
					"@executable_path/Frameworks",
				);
				MARKETING_VERSION = 1.0;
				PRODUCT_BUNDLE_IDENTIFIER = "ILWAT-com.github.EPCO";
				PRODUCT_NAME = "$(TARGET_NAME)";
				SWIFT_EMIT_LOC_STRINGS = YES;
				SWIFT_VERSION = 5.0;
				TARGETED_DEVICE_FAMILY = "1,2";
			};
			name = Debug;
		};
		DE34DF7A2881D00F0036732D /* Release */ = {
			isa = XCBuildConfiguration;
			buildSettings = {
				ASSETCATALOG_COMPILER_APPICON_NAME = AppIcon;
				ASSETCATALOG_COMPILER_GLOBAL_ACCENT_COLOR_NAME = AccentColor;
				CODE_SIGN_STYLE = Automatic;
				CURRENT_PROJECT_VERSION = 1;
				DEVELOPMENT_TEAM = AYG8MBJF93;
				GENERATE_INFOPLIST_FILE = YES;
				INFOPLIST_FILE = EPCO/Info.plist;
				INFOPLIST_KEY_UIApplicationSupportsIndirectInputEvents = YES;
				INFOPLIST_KEY_UILaunchStoryboardName = LaunchScreen;
				INFOPLIST_KEY_UIMainStoryboardFile = Main;
				INFOPLIST_KEY_UISupportedInterfaceOrientations_iPad = "UIInterfaceOrientationPortrait UIInterfaceOrientationPortraitUpsideDown UIInterfaceOrientationLandscapeLeft UIInterfaceOrientationLandscapeRight";
				INFOPLIST_KEY_UISupportedInterfaceOrientations_iPhone = "UIInterfaceOrientationPortrait UIInterfaceOrientationLandscapeLeft UIInterfaceOrientationLandscapeRight";
				LD_RUNPATH_SEARCH_PATHS = (
					"$(inherited)",
					"@executable_path/Frameworks",
				);
				MARKETING_VERSION = 1.0;
				PRODUCT_BUNDLE_IDENTIFIER = "ILWAT-com.github.EPCO";
				PRODUCT_NAME = "$(TARGET_NAME)";
				SWIFT_EMIT_LOC_STRINGS = YES;
				SWIFT_VERSION = 5.0;
				TARGETED_DEVICE_FAMILY = "1,2";
			};
			name = Release;
		};
/* End XCBuildConfiguration section */

/* Begin XCConfigurationList section */
		DE34DF5F2881D00D0036732D /* Build configuration list for PBXProject "EPCO" */ = {
			isa = XCConfigurationList;
			buildConfigurations = (
				DE34DF762881D00F0036732D /* Debug */,
				DE34DF772881D00F0036732D /* Release */,
			);
			defaultConfigurationIsVisible = 0;
			defaultConfigurationName = Release;
		};
		DE34DF782881D00F0036732D /* Build configuration list for PBXNativeTarget "EPCO" */ = {
			isa = XCConfigurationList;
			buildConfigurations = (
				DE34DF792881D00F0036732D /* Debug */,
				DE34DF7A2881D00F0036732D /* Release */,
			);
			defaultConfigurationIsVisible = 0;
			defaultConfigurationName = Release;
		};
/* End XCConfigurationList section */
	};
	rootObject = DE34DF5C2881D00D0036732D /* Project object */;
}
